
Microsoft Visual Studio Solution File, Format Version 12.00
# Visual Studio Version 17
VisualStudioVersion = 17.1.32319.34
MinimumVisualStudioVersion = 10.0.40219.1
Project("{FAE04EC0-301F-11D3-BF4B-00C04F79EFBC}") = "Authorization", "Authorization\Authorization.csproj", "{6F7D881F-38AA-4FC4-A650-EFF1740522BA}"
EndProject
Global
	GlobalSection(SolutionConfigurationPlatforms) = preSolution
		Debug|Any CPU = Debug|Any CPU
		Release|Any CPU = Release|Any CPU
	EndGlobalSection
	GlobalSection(ProjectConfigurationPlatforms) = postSolution
		{6F7D881F-38AA-4FC4-A650-EFF1740522BA}.Debug|Any CPU.ActiveCfg = Debug|Any CPU
		{6F7D881F-38AA-4FC4-A650-EFF1740522BA}.Debug|Any CPU.Build.0 = Debug|Any CPU
		{6F7D881F-38AA-4FC4-A650-EFF1740522BA}.Release|Any CPU.ActiveCfg = Release|Any CPU
		{6F7D881F-38AA-4FC4-A650-EFF1740522BA}.Release|Any CPU.Build.0 = Release|Any CPU
	EndGlobalSection
	GlobalSection(SolutionProperties) = preSolution
		HideSolutionNode = FALSE
	EndGlobalSection
	GlobalSection(ExtensibilityGlobals) = postSolution
		SolutionGuid = {AD1826F1-B185-4BFC-B65C-AB59654C7552}
	EndGlobalSection
EndGlobal
